// !$*UTF8*$!
{
	archiveVersion = 1;
	classes = {
	};
	objectVersion = 50;
	objects = {

/* Begin PBXBuildFile section */
		4FF7241721FAAE2700414171 /* AppDelegate.m in Sources */ = {isa = PBXBuildFile; fileRef = 4FF7241621FAAE2700414171 /* AppDelegate.m */; };
		4FF7241A21FAAE2700414171 /* ViewController.m in Sources */ = {isa = PBXBuildFile; fileRef = 4FF7241921FAAE2700414171 /* ViewController.m */; };
		4FF7241D21FAAE2700414171 /* Main.storyboard in Resources */ = {isa = PBXBuildFile; fileRef = 4FF7241B21FAAE2700414171 /* Main.storyboard */; };
		4FF7241F21FAAE2800414171 /* Assets.xcassets in Resources */ = {isa = PBXBuildFile; fileRef = 4FF7241E21FAAE2800414171 /* Assets.xcassets */; };
		4FF7242221FAAE2800414171 /* LaunchScreen.storyboard in Resources */ = {isa = PBXBuildFile; fileRef = 4FF7242021FAAE2800414171 /* LaunchScreen.storyboard */; };
		4FF7242521FAAE2800414171 /* main.m in Sources */ = {isa = PBXBuildFile; fileRef = 4FF7242421FAAE2800414171 /* main.m */; };
		4FF7242D21FAAE4000414171 /* FXCustomizeButton.m in Sources */ = {isa = PBXBuildFile; fileRef = 4FF7242B21FAAE4000414171 /* FXCustomizeButton.m */; };
/* End PBXBuildFile section */

/* Begin PBXFileReference section */
		4FF7241221FAAE2700414171 /* CustomizeButton.app */ = {isa = PBXFileReference; explicitFileType = wrapper.application; includeInIndex = 0; path = CustomizeButton.app; sourceTree = BUILT_PRODUCTS_DIR; };
		4FF7241521FAAE2700414171 /* AppDelegate.h */ = {isa = PBXFileReference; lastKnownFileType = sourcecode.c.h; path = AppDelegate.h; sourceTree = "<group>"; };
		4FF7241621FAAE2700414171 /* AppDelegate.m */ = {isa = PBXFileReference; lastKnownFileType = sourcecode.c.objc; path = AppDelegate.m; sourceTree = "<group>"; };
		4FF7241821FAAE2700414171 /* ViewController.h */ = {isa = PBXFileReference; lastKnownFileType = sourcecode.c.h; path = ViewController.h; sourceTree = "<group>"; };
		4FF7241921FAAE2700414171 /* ViewController.m */ = {isa = PBXFileReference; lastKnownFileType = sourcecode.c.objc; path = ViewController.m; sourceTree = "<group>"; };
		4FF7241C21FAAE2700414171 /* Base */ = {isa = PBXFileReference; lastKnownFileType = file.storyboard; name = Base; path = Base.lproj/Main.storyboard; sourceTree = "<group>"; };
		4FF7241E21FAAE2800414171 /* Assets.xcassets */ = {isa = PBXFileReference; lastKnownFileType = folder.assetcatalog; path = Assets.xcassets; sourceTree = "<group>"; };
		4FF7242121FAAE2800414171 /* Base */ = {isa = PBXFileReference; lastKnownFileType = file.storyboard; name = Base; path = Base.lproj/LaunchScreen.storyboard; sourceTree = "<group>"; };
		4FF7242321FAAE2800414171 /* Info.plist */ = {isa = PBXFileReference; lastKnownFileType = text.plist.xml; path = Info.plist; sourceTree = "<group>"; };
		4FF7242421FAAE2800414171 /* main.m */ = {isa = PBXFileReference; lastKnownFileType = sourcecode.c.objc; path = main.m; sourceTree = "<group>"; };
		4FF7242B21FAAE4000414171 /* FXCustomizeButton.m */ = {isa = PBXFileReference; fileEncoding = 4; lastKnownFileType = sourcecode.c.objc; path = FXCustomizeButton.m; sourceTree = "<group>"; };
		4FF7242C21FAAE4000414171 /* FXCustomizeButton.h */ = {isa = PBXFileReference; fileEncoding = 4; lastKnownFileType = sourcecode.c.h; path = FXCustomizeButton.h; sourceTree = "<group>"; };
/* End PBXFileReference section */

/* Begin PBXFrameworksBuildPhase section */
		4FF7240F21FAAE2700414171 /* Frameworks */ = {
			isa = PBXFrameworksBuildPhase;
			buildActionMask = 2147483647;
			files = (
			);
			runOnlyForDeploymentPostprocessing = 0;
		};
/* End PBXFrameworksBuildPhase section */

/* Begin PBXGroup section */
		4FF7240921FAAE2700414171 = {
			isa = PBXGroup;
			children = (
				4FF7241421FAAE2700414171 /* CustomizeButton */,
				4FF7241321FAAE2700414171 /* Products */,
			);
			sourceTree = "<group>";
		};
		4FF7241321FAAE2700414171 /* Products */ = {
			isa = PBXGroup;
			children = (
				4FF7241221FAAE2700414171 /* CustomizeButton.app */,
			);
			name = Products;
			sourceTree = "<group>";
		};
		4FF7241421FAAE2700414171 /* CustomizeButton */ = {
			isa = PBXGroup;
			children = (
				4FF7241521FAAE2700414171 /* AppDelegate.h */,
				4FF7241621FAAE2700414171 /* AppDelegate.m */,
				4FF7241821FAAE2700414171 /* ViewController.h */,
				4FF7241921FAAE2700414171 /* ViewController.m */,
				4FF7242C21FAAE4000414171 /* FXCustomizeButton.h */,
				4FF7242B21FAAE4000414171 /* FXCustomizeButton.m */,
				4FF7241B21FAAE2700414171 /* Main.storyboard */,
				4FF7241E21FAAE2800414171 /* Assets.xcassets */,
				4FF7242021FAAE2800414171 /* LaunchScreen.storyboard */,
				4FF7242321FAAE2800414171 /* Info.plist */,
				4FF7242421FAAE2800414171 /* main.m */,
			);
			path = CustomizeButton;
			sourceTree = "<group>";
		};
/* End PBXGroup section */

/* Begin PBXNativeTarget section */
		4FF7241121FAAE2700414171 /* CustomizeButton */ = {
			isa = PBXNativeTarget;
			buildConfigurationList = 4FF7242821FAAE2800414171 /* Build configuration list for PBXNativeTarget "CustomizeButton" */;
			buildPhases = (
				4FF7240E21FAAE2700414171 /* Sources */,
				4FF7240F21FAAE2700414171 /* Frameworks */,
				4FF7241021FAAE2700414171 /* Resources */,
			);
			buildRules = (
			);
			dependencies = (
			);
			name = CustomizeButton;
			productName = CustomizeButton;
			productReference = 4FF7241221FAAE2700414171 /* CustomizeButton.app */;
			productType = "com.apple.product-type.application";
		};
/* End PBXNativeTarget section */

/* Begin PBXProject section */
		4FF7240A21FAAE2700414171 /* Project object */ = {
			isa = PBXProject;
			attributes = {
				LastUpgradeCheck = 1010;
				ORGANIZATIONNAME = fx;
				TargetAttributes = {
					4FF7241121FAAE2700414171 = {
						CreatedOnToolsVersion = 10.1;
					};
				};
			};
			buildConfigurationList = 4FF7240D21FAAE2700414171 /* Build configuration list for PBXProject "CustomizeButton" */;
			compatibilityVersion = "Xcode 9.3";
			developmentRegion = en;
			hasScannedForEncodings = 0;
			knownRegions = (
				en,
				Base,
			);
			mainGroup = 4FF7240921FAAE2700414171;
			productRefGroup = 4FF7241321FAAE2700414171 /* Products */;
			projectDirPath = "";
			projectRoot = "";
			targets = (
				4FF7241121FAAE2700414171 /* CustomizeButton */,
			);
		};
/* End PBXProject section */

/* Begin PBXResourcesBuildPhase section */
		4FF7241021FAAE2700414171 /* Resources */ = {
			isa = PBXResourcesBuildPhase;
			buildActionMask = 2147483647;
			files = (
				4FF7242221FAAE2800414171 /* LaunchScreen.storyboard in Resources */,
				4FF7241F21FAAE2800414171 /* Assets.xcassets in Resources */,
				4FF7241D21FAAE2700414171 /* Main.storyboard in Resources */,
			);
			runOnlyForDeploymentPostprocessing = 0;
		};
/* End PBXResourcesBuildPhase section */

/* Begin PBXSourcesBuildPhase section */
		4FF7240E21FAAE2700414171 /* Sources */ = {
			isa = PBXSourcesBuildPhase;
			buildActionMask = 2147483647;
			files = (
				4FF7241A21FAAE2700414171 /* ViewController.m in Sources */,
				4FF7242521FAAE2800414171 /* main.m in Sources */,
				4FF7241721FAAE2700414171 /* AppDelegate.m in Sources */,
				4FF7242D21FAAE4000414171 /* FXCustomizeButton.m in Sources */,
			);
			runOnlyForDeploymentPostprocessing = 0;
		};
/* End PBXSourcesBuildPhase section */

/* Begin PBXVariantGroup section */
		4FF7241B21FAAE2700414171 /* Main.storyboard */ = {
			isa = PBXVariantGroup;
			children = (
				4FF7241C21FAAE2700414171 /* Base */,
			);
			name = Main.storyboard;
			sourceTree = "<group>";
		};
		4FF7242021FAAE2800414171 /* LaunchScreen.storyboard */ = {
			isa = PBXVariantGroup;
			children = (
				4FF7242121FAAE2800414171 /* Base */,
			);
			name = LaunchScreen.storyboard;
			sourceTree = "<group>";
		};
/* End PBXVariantGroup section */

/* Begin XCBuildConfiguration section */
		4FF7242621FAAE2800414171 /* Debug */ = {
			isa = XCBuildConfiguration;
			buildSettings = {
				ALWAYS_SEARCH_USER_PATHS = NO;
				CLANG_ANALYZER_NONNULL = YES;
				CLANG_ANALYZER_NUMBER_OBJECT_CONVERSION = YES_AGGRESSIVE;
				CLANG_CXX_LANGUAGE_STANDARD = "gnu++14";
				CLANG_CXX_LIBRARY = "libc++";
				CLANG_ENABLE_MODULES = YES;
				CLANG_ENABLE_OBJC_ARC = YES;
				CLANG_ENABLE_OBJC_WEAK = YES;
				CLANG_WARN_BLOCK_CAPTURE_AUTORELEASING = YES;
				CLANG_WARN_BOOL_CONVERSION = YES;
				CLANG_WARN_COMMA = YES;
				CLANG_WARN_CONSTANT_CONVERSION = YES;
				CLANG_WARN_DEPRECATED_OBJC_IMPLEMENTATIONS = YES;
				CLANG_WARN_DIRECT_OBJC_ISA_USAGE = YES_ERROR;
				CLANG_WARN_DOCUMENTATION_COMMENTS = YES;
				CLANG_WARN_EMPTY_BODY = YES;
				CLANG_WARN_ENUM_CONVERSION = YES;
				CLANG_WARN_INFINITE_RECURSION = YES;
				CLANG_WARN_INT_CONVERSION = YES;
				CLANG_WARN_NON_LITERAL_NULL_CONVERSION = YES;
				CLANG_WARN_OBJC_IMPLICIT_RETAIN_SELF = YES;
				CLANG_WARN_OBJC_LITERAL_CONVERSION = YES;
				CLANG_WARN_OBJC_ROOT_CLASS = YES_ERROR;
				CLANG_WARN_RANGE_LOOP_ANALYSIS = YES;
				CLANG_WARN_STRICT_PROTOTYPES = YES;
				CLANG_WARN_SUSPICIOUS_MOVE = YES;
				CLANG_WARN_UNGUARDED_AVAILABILITY = YES_AGGRESSIVE;
				CLANG_WARN_UNREACHABLE_CODE = YES;
				CLANG_WARN__DUPLICATE_METHOD_MATCH = YES;
				CODE_SIGN_IDENTITY = "iPhone Developer";
				COPY_PHASE_STRIP = NO;
				DEBUG_INFORMATION_FORMAT = dwarf;
				ENABLE_STRICT_OBJC_MSGSEND = YES;
				ENABLE_TESTABILITY = YES;
				GCC_C_LANGUAGE_STANDARD = gnu11;
				GCC_DYNAMIC_NO_PIC = NO;
				GCC_NO_COMMON_BLOCKS = YES;
				GCC_OPTIMIZATION_LEVEL = 0;
				GCC_PREPROCESSOR_DEFINITIONS = (
					"DEBUG=1",
					"$(inherited)",
				);
				GCC_WARN_64_TO_32_BIT_CONVERSION = YES;
				GCC_WARN_ABOUT_RETURN_TYPE = YES_ERROR;
				GCC_WARN_UNDECLARED_SELECTOR = YES;
				GCC_WARN_UNINITIALIZED_AUTOS = YES_AGGRESSIVE;
				GCC_WARN_UNUSED_FUNCTION = YES;
				GCC_WARN_UNUSED_VARIABLE = YES;
				IPHONEOS_DEPLOYMENT_TARGET = 12.1;
				MTL_ENABLE_DEBUG_INFO = INCLUDE_SOURCE;
				MTL_FAST_MATH = YES;
				ONLY_ACTIVE_ARCH = YES;
				SDKROOT = iphoneos;
			};
			name = Debug;
		};
		4FF7242721FAAE2800414171 /* Release */ = {
			isa = XCBuildConfiguration;
			buildSettings = {
				ALWAYS_SEARCH_USER_PATHS = NO;
				CLANG_ANALYZER_NONNULL = YES;
				CLANG_ANALYZER_NUMBER_OBJECT_CONVERSION = YES_AGGRESSIVE;
				CLANG_CXX_LANGUAGE_STANDARD = "gnu++14";
				CLANG_CXX_LIBRARY = "libc++";
				CLANG_ENABLE_MODULES = YES;
				CLANG_ENABLE_OBJC_ARC = YES;
				CLANG_ENABLE_OBJC_WEAK = YES;
				CLANG_WARN_BLOCK_CAPTURE_AUTORELEASING = YES;
				CLANG_WARN_BOOL_CONVERSION = YES;
				CLANG_WARN_COMMA = YES;
				CLANG_WARN_CONSTANT_CONVERSION = YES;
				CLANG_WARN_DEPRECATED_OBJC_IMPLEMENTATIONS = YES;
				CLANG_WARN_DIRECT_OBJC_ISA_USAGE = YES_ERROR;
				CLANG_WARN_DOCUMENTATION_COMMENTS = YES;
				CLANG_WARN_EMPTY_BODY = YES;
				CLANG_WARN_ENUM_CONVERSION = YES;
				CLANG_WARN_INFINITE_RECURSION = YES;
				CLANG_WARN_INT_CONVERSION = YES;
				CLANG_WARN_NON_LITERAL_NULL_CONVERSION = YES;
				CLANG_WARN_OBJC_IMPLICIT_RETAIN_SELF = YES;
				CLANG_WARN_OBJC_LITERAL_CONVERSION = YES;
				CLANG_WARN_OBJC_ROOT_CLASS = YES_ERROR;
				CLANG_WARN_RANGE_LOOP_ANALYSIS = YES;
				CLANG_WARN_STRICT_PROTOTYPES = YES;
				CLANG_WARN_SUSPICIOUS_MOVE = YES;
				CLANG_WARN_UNGUARDED_AVAILABILITY = YES_AGGRESSIVE;
				CLANG_WARN_UNREACHABLE_CODE = YES;
				CLANG_WARN__DUPLICATE_METHOD_MATCH = YES;
				CODE_SIGN_IDENTITY = "iPhone Developer";
				COPY_PHASE_STRIP = NO;
				DEBUG_INFORMATION_FORMAT = "dwarf-with-dsym";
				ENABLE_NS_ASSERTIONS = NO;
				ENABLE_STRICT_OBJC_MSGSEND = YES;
				GCC_C_LANGUAGE_STANDARD = gnu11;
				GCC_NO_COMMON_BLOCKS = YES;
				GCC_WARN_64_TO_32_BIT_CONVERSION = YES;
				GCC_WARN_ABOUT_RETURN_TYPE = YES_ERROR;
				GCC_WARN_UNDECLARED_SELECTOR = YES;
				GCC_WARN_UNINITIALIZED_AUTOS = YES_AGGRESSIVE;
				GCC_WARN_UNUSED_FUNCTION = YES;
				GCC_WARN_UNUSED_VARIABLE = YES;
				IPHONEOS_DEPLOYMENT_TARGET = 12.1;
				MTL_ENABLE_DEBUG_INFO = NO;
				MTL_FAST_MATH = YES;
				SDKROOT = iphoneos;
				VALIDATE_PRODUCT = YES;
			};
			name = Release;
		};
		4FF7242921FAAE2800414171 /* Debug */ = {
			isa = XCBuildConfiguration;
			buildSettings = {
				ASSETCATALOG_COMPILER_APPICON_NAME = AppIcon;
				CODE_SIGN_STYLE = Automatic;
				INFOPLIST_FILE = CustomizeButton/Info.plist;
				LD_RUNPATH_SEARCH_PATHS = (
					"$(inherited)",
					"@executable_path/Frameworks",
				);
				PRODUCT_BUNDLE_IDENTIFIER = com.qs.CustomizeButton;
				PRODUCT_NAME = "$(TARGET_NAME)";
				TARGETED_DEVICE_FAMILY = "1,2";
			};
			name = Debug;
		};
		4FF7242A21FAAE2800414171 /* Release */ = {
			isa = XCBuildConfiguration;
			buildSettings = {
				ASSETCATALOG_COMPILER_APPICON_NAME = AppIcon;
				CODE_SIGN_STYLE = Automatic;
				INFOPLIST_FILE = CustomizeButton/Info.plist;
				LD_RUNPATH_SEARCH_PATHS = (
					"$(inherited)",
					"@executable_path/Frameworks",
				);
				PRODUCT_BUNDLE_IDENTIFIER = com.qs.CustomizeButton;
				PRODUCT_NAME = "$(TARGET_NAME)";
				TARGETED_DEVICE_FAMILY = "1,2";
			};
			name = Release;
		};
/* End XCBuildConfiguration section */

/* Begin XCConfigurationList section */
		4FF7240D21FAAE2700414171 /* Build configuration list for PBXProject "CustomizeButton" */ = {
			isa = XCConfigurationList;
			buildConfigurations = (
				4FF7242621FAAE2800414171 /* Debug */,
				4FF7242721FAAE2800414171 /* Release */,
			);
			defaultConfigurationIsVisible = 0;
			defaultConfigurationName = Release;
		};
		4FF7242821FAAE2800414171 /* Build configuration list for PBXNativeTarget "CustomizeButton" */ = {
			isa = XCConfigurationList;
			buildConfigurations = (
				4FF7242921FAAE2800414171 /* Debug */,
				4FF7242A21FAAE2800414171 /* Release */,
			);
			defaultConfigurationIsVisible = 0;
			defaultConfigurationName = Release;
		};
/* End XCConfigurationList section */
	};
	rootObject = 4FF7240A21FAAE2700414171 /* Project object */;
}
